// !$*UTF8*$!
{
	archiveVersion = 1;
	classes = {
	};
	objectVersion = 46;
	objects = {

/* Begin PBXBuildFile section */
		876A6AC91AE642F2008A9288 /* main.m in Sources */ = {isa = PBXBuildFile; fileRef = 876A6AC81AE642F2008A9288 /* main.m */; };
		876A6ACC1AE642F2008A9288 /* AppDelegate.m in Sources */ = {isa = PBXBuildFile; fileRef = 876A6ACB1AE642F2008A9288 /* AppDelegate.m */; };
		876A6ACF1AE642F2008A9288 /* ViewController.m in Sources */ = {isa = PBXBuildFile; fileRef = 876A6ACE1AE642F2008A9288 /* ViewController.m */; };
		876A6AD21AE642F2008A9288 /* Main.storyboard in Resources */ = {isa = PBXBuildFile; fileRef = 876A6AD01AE642F2008A9288 /* Main.storyboard */; };
		876A6AD41AE642F2008A9288 /* Images.xcassets in Resources */ = {isa = PBXBuildFile; fileRef = 876A6AD31AE642F2008A9288 /* Images.xcassets */; };
		876A6AD71AE642F2008A9288 /* LaunchScreen.xib in Resources */ = {isa = PBXBuildFile; fileRef = 876A6AD51AE642F2008A9288 /* LaunchScreen.xib */; };
		876A6AE31AE642F2008A9288 /* test5Tests.m in Sources */ = {isa = PBXBuildFile; fileRef = 876A6AE21AE642F2008A9288 /* test5Tests.m */; };
/* End PBXBuildFile section */

/* Begin PBXContainerItemProxy section */
		876A6ADD1AE642F2008A9288 /* PBXContainerItemProxy */ = {
			isa = PBXContainerItemProxy;
			containerPortal = 876A6ABB1AE642F2008A9288 /* Project object */;
			proxyType = 1;
			remoteGlobalIDString = 876A6AC21AE642F2008A9288;
			remoteInfo = test5;
		};
/* End PBXContainerItemProxy section */

/* Begin PBXFileReference section */
		876A6AC31AE642F2008A9288 /* test5.app */ = {isa = PBXFileReference; explicitFileType = wrapper.application; includeInIndex = 0; path = test5.app; sourceTree = BUILT_PRODUCTS_DIR; };
		876A6AC71AE642F2008A9288 /* Info.plist */ = {isa = PBXFileReference; lastKnownFileType = text.plist.xml; path = Info.plist; sourceTree = "<group>"; };
		876A6AC81AE642F2008A9288 /* main.m */ = {isa = PBXFileReference; lastKnownFileType = sourcecode.c.objc; path = main.m; sourceTree = "<group>"; };
		876A6ACA1AE642F2008A9288 /* AppDelegate.h */ = {isa = PBXFileReference; lastKnownFileType = sourcecode.c.h; path = AppDelegate.h; sourceTree = "<group>"; };
		876A6ACB1AE642F2008A9288 /* AppDelegate.m */ = {isa = PBXFileReference; lastKnownFileType = sourcecode.c.objc; path = AppDelegate.m; sourceTree = "<group>"; };
		876A6ACD1AE642F2008A9288 /* ViewController.h */ = {isa = PBXFileReference; lastKnownFileType = sourcecode.c.h; path = ViewController.h; sourceTree = "<group>"; };
		876A6ACE1AE642F2008A9288 /* ViewController.m */ = {isa = PBXFileReference; lastKnownFileType = sourcecode.c.objc; path = ViewController.m; sourceTree = "<group>"; };
		876A6AD11AE642F2008A9288 /* Base */ = {isa = PBXFileReference; lastKnownFileType = file.storyboard; name = Base; path = Base.lproj/Main.storyboard; sourceTree = "<group>"; };
		876A6AD31AE642F2008A9288 /* Images.xcassets */ = {isa = PBXFileReference; lastKnownFileType = folder.assetcatalog; path = Images.xcassets; sourceTree = "<group>"; };
		876A6AD61AE642F2008A9288 /* Base */ = {isa = PBXFileReference; lastKnownFileType = file.xib; name = Base; path = Base.lproj/LaunchScreen.xib; sourceTree = "<group>"; };
		876A6ADC1AE642F2008A9288 /* test5Tests.xctest */ = {isa = PBXFileReference; explicitFileType = wrapper.cfbundle; includeInIndex = 0; path = test5Tests.xctest; sourceTree = BUILT_PRODUCTS_DIR; };
		876A6AE11AE642F2008A9288 /* Info.plist */ = {isa = PBXFileReference; lastKnownFileType = text.plist.xml; path = Info.plist; sourceTree = "<group>"; };
		876A6AE21AE642F2008A9288 /* test5Tests.m */ = {isa = PBXFileReference; lastKnownFileType = sourcecode.c.objc; path = test5Tests.m; sourceTree = "<group>"; };
/* End PBXFileReference section */

/* Begin PBXFrameworksBuildPhase section */
		876A6AC01AE642F2008A9288 /* Frameworks */ = {
			isa = PBXFrameworksBuildPhase;
			buildActionMask = 2147483647;
			files = (
			);
			runOnlyForDeploymentPostprocessing = 0;
		};
		876A6AD91AE642F2008A9288 /* Frameworks */ = {
			isa = PBXFrameworksBuildPhase;
			buildActionMask = 2147483647;
			files = (
			);
			runOnlyForDeploymentPostprocessing = 0;
		};
/* End PBXFrameworksBuildPhase section */

/* Begin PBXGroup section */
		876A6ABA1AE642F1008A9288 = {
			isa = PBXGroup;
			children = (
				876A6AC51AE642F2008A9288 /* test5 */,
				876A6ADF1AE642F2008A9288 /* test5Tests */,
				876A6AC41AE642F2008A9288 /* Products */,
			);
			sourceTree = "<group>";
		};
		876A6AC41AE642F2008A9288 /* Products */ = {
			isa = PBXGroup;
			children = (
				876A6AC31AE642F2008A9288 /* test5.app */,
				876A6ADC1AE642F2008A9288 /* test5Tests.xctest */,
			);
			name = Products;
			sourceTree = "<group>";
		};
		876A6AC51AE642F2008A9288 /* test5 */ = {
			isa = PBXGroup;
			children = (
				876A6ACA1AE642F2008A9288 /* AppDelegate.h */,
				876A6ACB1AE642F2008A9288 /* AppDelegate.m */,
				876A6ACD1AE642F2008A9288 /* ViewController.h */,
				876A6ACE1AE642F2008A9288 /* ViewController.m */,
				876A6AD01AE642F2008A9288 /* Main.storyboard */,
				876A6AD31AE642F2008A9288 /* Images.xcassets */,
				876A6AD51AE642F2008A9288 /* LaunchScreen.xib */,
				876A6AC61AE642F2008A9288 /* Supporting Files */,
			);
			path = test5;
			sourceTree = "<group>";
		};
		876A6AC61AE642F2008A9288 /* Supporting Files */ = {
			isa = PBXGroup;
			children = (
				876A6AC71AE642F2008A9288 /* Info.plist */,
				876A6AC81AE642F2008A9288 /* main.m */,
			);
			name = "Supporting Files";
			sourceTree = "<group>";
		};
		876A6ADF1AE642F2008A9288 /* test5Tests */ = {
			isa = PBXGroup;
			children = (
				876A6AE21AE642F2008A9288 /* test5Tests.m */,
				876A6AE01AE642F2008A9288 /* Supporting Files */,
			);
			path = test5Tests;
			sourceTree = "<group>";
		};
		876A6AE01AE642F2008A9288 /* Supporting Files */ = {
			isa = PBXGroup;
			children = (
				876A6AE11AE642F2008A9288 /* Info.plist */,
			);
			name = "Supporting Files";
			sourceTree = "<group>";
		};
/* End PBXGroup section */

/* Begin PBXNativeTarget section */
		876A6AC21AE642F2008A9288 /* test5 */ = {
			isa = PBXNativeTarget;
			buildConfigurationList = 876A6AE61AE642F2008A9288 /* Build configuration list for PBXNativeTarget "test5" */;
			buildPhases = (
				876A6ABF1AE642F2008A9288 /* Sources */,
				876A6AC01AE642F2008A9288 /* Frameworks */,
				876A6AC11AE642F2008A9288 /* Resources */,
			);
			buildRules = (
			);
			dependencies = (
			);
			name = test5;
			productName = test5;
			productReference = 876A6AC31AE642F2008A9288 /* test5.app */;
			productType = "com.apple.product-type.application";
		};
		876A6ADB1AE642F2008A9288 /* test5Tests */ = {
			isa = PBXNativeTarget;
			buildConfigurationList = 876A6AE91AE642F2008A9288 /* Build configuration list for PBXNativeTarget "test5Tests" */;
			buildPhases = (
				876A6AD81AE642F2008A9288 /* Sources */,
				876A6AD91AE642F2008A9288 /* Frameworks */,
				876A6ADA1AE642F2008A9288 /* Resources */,
			);
			buildRules = (
			);
			dependencies = (
				876A6ADE1AE642F2008A9288 /* PBXTargetDependency */,
			);
			name = test5Tests;
			productName = test5Tests;
			productReference = 876A6ADC1AE642F2008A9288 /* test5Tests.xctest */;
			productType = "com.apple.product-type.bundle.unit-test";
		};
/* End PBXNativeTarget section */

/* Begin PBXProject section */
		876A6ABB1AE642F2008A9288 /* Project object */ = {
			isa = PBXProject;
			attributes = {
				LastUpgradeCheck = 0630;
				ORGANIZATIONNAME = Illusions;
				TargetAttributes = {
					876A6AC21AE642F2008A9288 = {
						CreatedOnToolsVersion = 6.3;
					};
					876A6ADB1AE642F2008A9288 = {
						CreatedOnToolsVersion = 6.3;
						TestTargetID = 876A6AC21AE642F2008A9288;
					};
				};
			};
			buildConfigurationList = 876A6ABE1AE642F2008A9288 /* Build configuration list for PBXProject "test5" */;
			compatibilityVersion = "Xcode 3.2";
			developmentRegion = English;
			hasScannedForEncodings = 0;
			knownRegions = (
				en,
				Base,
			);
			mainGroup = 876A6ABA1AE642F1008A9288;
			productRefGroup = 876A6AC41AE642F2008A9288 /* Products */;
			projectDirPath = "";
			projectRoot = "";
			targets = (
				876A6AC21AE642F2008A9288 /* test5 */,
				876A6ADB1AE642F2008A9288 /* test5Tests */,
			);
		};
/* End PBXProject section */

/* Begin PBXResourcesBuildPhase section */
		876A6AC11AE642F2008A9288 /* Resources */ = {
			isa = PBXResourcesBuildPhase;
			buildActionMask = 2147483647;
			files = (
				876A6AD21AE642F2008A9288 /* Main.storyboard in Resources */,
				876A6AD71AE642F2008A9288 /* LaunchScreen.xib in Resources */,
				876A6AD41AE642F2008A9288 /* Images.xcassets in Resources */,
			);
			runOnlyForDeploymentPostprocessing = 0;
		};
		876A6ADA1AE642F2008A9288 /* Resources */ = {
			isa = PBXResourcesBuildPhase;
			buildActionMask = 2147483647;
			files = (
			);
			runOnlyForDeploymentPostprocessing = 0;
		};
/* End PBXResourcesBuildPhase section */

/* Begin PBXSourcesBuildPhase section */
		876A6ABF1AE642F2008A9288 /* Sources */ = {
			isa = PBXSourcesBuildPhase;
			buildActionMask = 2147483647;
			files = (
				876A6ACF1AE642F2008A9288 /* ViewController.m in Sources */,
				876A6ACC1AE642F2008A9288 /* AppDelegate.m in Sources */,
				876A6AC91AE642F2008A9288 /* main.m in Sources */,
			);
			runOnlyForDeploymentPostprocessing = 0;
		};
		876A6AD81AE642F2008A9288 /* Sources */ = {
			isa = PBXSourcesBuildPhase;
			buildActionMask = 2147483647;
			files = (
				876A6AE31AE642F2008A9288 /* test5Tests.m in Sources */,
			);
			runOnlyForDeploymentPostprocessing = 0;
		};
/* End PBXSourcesBuildPhase section */

/* Begin PBXTargetDependency section */
		876A6ADE1AE642F2008A9288 /* PBXTargetDependency */ = {
			isa = PBXTargetDependency;
			target = 876A6AC21AE642F2008A9288 /* test5 */;
			targetProxy = 876A6ADD1AE642F2008A9288 /* PBXContainerItemProxy */;
		};
/* End PBXTargetDependency section */

/* Begin PBXVariantGroup section */
		876A6AD01AE642F2008A9288 /* Main.storyboard */ = {
			isa = PBXVariantGroup;
			children = (
				876A6AD11AE642F2008A9288 /* Base */,
			);
			name = Main.storyboard;
			sourceTree = "<group>";
		};
		876A6AD51AE642F2008A9288 /* LaunchScreen.xib */ = {
			isa = PBXVariantGroup;
			children = (
				876A6AD61AE642F2008A9288 /* Base */,
			);
			name = LaunchScreen.xib;
			sourceTree = "<group>";
		};
/* End PBXVariantGroup section */

/* Begin XCBuildConfiguration section */
		876A6AE41AE642F2008A9288 /* Debug */ = {
			isa = XCBuildConfiguration;
			buildSettings = {
				ALWAYS_SEARCH_USER_PATHS = NO;
				CLANG_CXX_LANGUAGE_STANDARD = "gnu++0x";
				CLANG_CXX_LIBRARY = "libc++";
				CLANG_ENABLE_MODULES = YES;
				CLANG_ENABLE_OBJC_ARC = YES;
				CLANG_WARN_BOOL_CONVERSION = YES;
				CLANG_WARN_CONSTANT_CONVERSION = YES;
				CLANG_WARN_DIRECT_OBJC_ISA_USAGE = YES_ERROR;
				CLANG_WARN_EMPTY_BODY = YES;
				CLANG_WARN_ENUM_CONVERSION = YES;
				CLANG_WARN_INT_CONVERSION = YES;
				CLANG_WARN_OBJC_ROOT_CLASS = YES_ERROR;
				CLANG_WARN_UNREACHABLE_CODE = YES;
				CLANG_WARN__DUPLICATE_METHOD_MATCH = YES;
				"CODE_SIGN_IDENTITY[sdk=iphoneos*]" = "iPhone Developer";
				COPY_PHASE_STRIP = NO;
				DEBUG_INFORMATION_FORMAT = "dwarf-with-dsym";
				ENABLE_STRICT_OBJC_MSGSEND = YES;
				GCC_C_LANGUAGE_STANDARD = gnu99;
				GCC_DYNAMIC_NO_PIC = NO;
				GCC_NO_COMMON_BLOCKS = YES;
				GCC_OPTIMIZATION_LEVEL = 0;
				GCC_PREPROCESSOR_DEFINITIONS = (
					"DEBUG=1",
					"$(inherited)",
				);
				GCC_SYMBOLS_PRIVATE_EXTERN = NO;
				GCC_WARN_64_TO_32_BIT_CONVERSION = YES;
				GCC_WARN_ABOUT_RETURN_TYPE = YES_ERROR;
				GCC_WARN_UNDECLARED_SELECTOR = YES;
				GCC_WARN_UNINITIALIZED_AUTOS = YES_AGGRESSIVE;
				GCC_WARN_UNUSED_FUNCTION = YES;
				GCC_WARN_UNUSED_VARIABLE = YES;
				IPHONEOS_DEPLOYMENT_TARGET = 8.3;
				MTL_ENABLE_DEBUG_INFO = YES;
				ONLY_ACTIVE_ARCH = YES;
				SDKROOT = iphoneos;
				TARGETED_DEVICE_FAMILY = 2;
			};
			name = Debug;
		};
		876A6AE51AE642F2008A9288 /* Release */ = {
			isa = XCBuildConfiguration;
			buildSettings = {
				ALWAYS_SEARCH_USER_PATHS = NO;
				CLANG_CXX_LANGUAGE_STANDARD = "gnu++0x";
				CLANG_CXX_LIBRARY = "libc++";
				CLANG_ENABLE_MODULES = YES;
				CLANG_ENABLE_OBJC_ARC = YES;
				CLANG_WARN_BOOL_CONVERSION = YES;
				CLANG_WARN_CONSTANT_CONVERSION = YES;
				CLANG_WARN_DIRECT_OBJC_ISA_USAGE = YES_ERROR;
				CLANG_WARN_EMPTY_BODY = YES;
				CLANG_WARN_ENUM_CONVERSION = YES;
				CLANG_WARN_INT_CONVERSION = YES;
				CLANG_WARN_OBJC_ROOT_CLASS = YES_ERROR;
				CLANG_WARN_UNREACHABLE_CODE = YES;
				CLANG_WARN__DUPLICATE_METHOD_MATCH = YES;
				"CODE_SIGN_IDENTITY[sdk=iphoneos*]" = "iPhone Developer";
				COPY_PHASE_STRIP = NO;
				DEBUG_INFORMATION_FORMAT = "dwarf-with-dsym";
				ENABLE_NS_ASSERTIONS = NO;
				ENABLE_STRICT_OBJC_MSGSEND = YES;
				GCC_C_LANGUAGE_STANDARD = gnu99;
				GCC_NO_COMMON_BLOCKS = YES;
				GCC_WARN_64_TO_32_BIT_CONVERSION = YES;
				GCC_WARN_ABOUT_RETURN_TYPE = YES_ERROR;
				GCC_WARN_UNDECLARED_SELECTOR = YES;
				GCC_WARN_UNINITIALIZED_AUTOS = YES_AGGRESSIVE;
				GCC_WARN_UNUSED_FUNCTION = YES;
				GCC_WARN_UNUSED_VARIABLE = YES;
				IPHONEOS_DEPLOYMENT_TARGET = 8.3;
				MTL_ENABLE_DEBUG_INFO = NO;
				SDKROOT = iphoneos;
				TARGETED_DEVICE_FAMILY = 2;
				VALIDATE_PRODUCT = YES;
			};
			name = Release;
		};
		876A6AE71AE642F2008A9288 /* Debug */ = {
			isa = XCBuildConfiguration;
			buildSettings = {
				ASSETCATALOG_COMPILER_APPICON_NAME = AppIcon;
				INFOPLIST_FILE = test5/Info.plist;
				IPHONEOS_DEPLOYMENT_TARGET = 8.3;
				LD_RUNPATH_SEARCH_PATHS = "$(inherited) @executable_path/Frameworks";
				PRODUCT_NAME = "$(TARGET_NAME)";
			};
			name = Debug;
		};
		876A6AE81AE642F2008A9288 /* Release */ = {
			isa = XCBuildConfiguration;
			buildSettings = {
				ASSETCATALOG_COMPILER_APPICON_NAME = AppIcon;
				INFOPLIST_FILE = test5/Info.plist;
				IPHONEOS_DEPLOYMENT_TARGET = 8.3;
				LD_RUNPATH_SEARCH_PATHS = "$(inherited) @executable_path/Frameworks";
				PRODUCT_NAME = "$(TARGET_NAME)";
			};
			name = Release;
		};
		876A6AEA1AE642F2008A9288 /* Debug */ = {
			isa = XCBuildConfiguration;
			buildSettings = {
				BUNDLE_LOADER = "$(TEST_HOST)";
				FRAMEWORK_SEARCH_PATHS = (
					"$(SDKROOT)/Developer/Library/Frameworks",
					"$(inherited)",
				);
				GCC_PREPROCESSOR_DEFINITIONS = (
					"DEBUG=1",
					"$(inherited)",
				);
				INFOPLIST_FILE = test5Tests/Info.plist;
				LD_RUNPATH_SEARCH_PATHS = "$(inherited) @executable_path/Frameworks @loader_path/Frameworks";
				PRODUCT_NAME = "$(TARGET_NAME)";
				TEST_HOST = "$(BUILT_PRODUCTS_DIR)/test5.app/test5";
			};
			name = Debug;
		};
		876A6AEB1AE642F2008A9288 /* Release */ = {
			isa = XCBuildConfiguration;
			buildSettings = {
				BUNDLE_LOADER = "$(TEST_HOST)";
				FRAMEWORK_SEARCH_PATHS = (
					"$(SDKROOT)/Developer/Library/Frameworks",
					"$(inherited)",
				);
				INFOPLIST_FILE = test5Tests/Info.plist;
				LD_RUNPATH_SEARCH_PATHS = "$(inherited) @executable_path/Frameworks @loader_path/Frameworks";
				PRODUCT_NAME = "$(TARGET_NAME)";
				TEST_HOST = "$(BUILT_PRODUCTS_DIR)/test5.app/test5";
			};
			name = Release;
		};
/* End XCBuildConfiguration section */

/* Begin XCConfigurationList section */
		876A6ABE1AE642F2008A9288 /* Build configuration list for PBXProject "test5" */ = {
			isa = XCConfigurationList;
			buildConfigurations = (
				876A6AE41AE642F2008A9288 /* Debug */,
				876A6AE51AE642F2008A9288 /* Release */,
			);
			defaultConfigurationIsVisible = 0;
			defaultConfigurationName = Release;
		};
		876A6AE61AE642F2008A9288 /* Build configuration list for PBXNativeTarget "test5" */ = {
			isa = XCConfigurationList;
			buildConfigurations = (
				876A6AE71AE642F2008A9288 /* Debug */,
				876A6AE81AE642F2008A9288 /* Release */,
			);
			defaultConfigurationIsVisible = 0;
		};
		876A6AE91AE642F2008A9288 /* Build configuration list for PBXNativeTarget "test5Tests" */ = {
			isa = XCConfigurationList;
			buildConfigurations = (
				876A6AEA1AE642F2008A9288 /* Debug */,
				876A6AEB1AE642F2008A9288 /* Release */,
			);
			defaultConfigurationIsVisible = 0;
		};
/* End XCConfigurationList section */
	};
	rootObject = 876A6ABB1AE642F2008A9288 /* Project object */;
}
